// !$*UTF8*$!
{
	archiveVersion = 1;
	classes = {
	};
	objectVersion = 50;
	objects = {

/* Begin PBXBuildFile section */
		4F1965A8242C3C8E007B9B9D /* MenuView.swift in Sources */ = {isa = PBXBuildFile; fileRef = 4F1965A7242C3C8E007B9B9D /* MenuView.swift */; };
		4F233DB52430199300F03DE9 /* UpdateList.swift in Sources */ = {isa = PBXBuildFile; fileRef = 4F233DB42430199300F03DE9 /* UpdateList.swift */; };
		4F233DB724302CA900F03DE9 /* TabBar.swift in Sources */ = {isa = PBXBuildFile; fileRef = 4F233DB624302CA900F03DE9 /* TabBar.swift */; };
		4F233DB92430398900F03DE9 /* RingView.swift in Sources */ = {isa = PBXBuildFile; fileRef = 4F233DB82430398900F03DE9 /* RingView.swift */; };
		4F233DBD24312F2300F03DE9 /* Modifier.swift in Sources */ = {isa = PBXBuildFile; fileRef = 4F233DBC24312F2300F03DE9 /* Modifier.swift */; };
		4F65B11A242D77E70007B9B0 /* Home.swift in Sources */ = {isa = PBXBuildFile; fileRef = 4F65B119242D77E70007B9B0 /* Home.swift */; };
		4F65B11C242D9AEC0007B9B0 /* HomeView.swift in Sources */ = {isa = PBXBuildFile; fileRef = 4F65B11B242D9AEC0007B9B0 /* HomeView.swift */; };
		4FD864DB242BE2DB009D7CC8 /* AppDelegate.swift in Sources */ = {isa = PBXBuildFile; fileRef = 4FD864DA242BE2DB009D7CC8 /* AppDelegate.swift */; };
		4FD864DD242BE2DB009D7CC8 /* SceneDelegate.swift in Sources */ = {isa = PBXBuildFile; fileRef = 4FD864DC242BE2DB009D7CC8 /* SceneDelegate.swift */; };
		4FD864DF242BE2DB009D7CC8 /* ContentView.swift in Sources */ = {isa = PBXBuildFile; fileRef = 4FD864DE242BE2DB009D7CC8 /* ContentView.swift */; };
		4FD864E1242BE2E2009D7CC8 /* Assets.xcassets in Resources */ = {isa = PBXBuildFile; fileRef = 4FD864E0242BE2E2009D7CC8 /* Assets.xcassets */; };
		4FD864E4242BE2E2009D7CC8 /* Preview Assets.xcassets in Resources */ = {isa = PBXBuildFile; fileRef = 4FD864E3242BE2E2009D7CC8 /* Preview Assets.xcassets */; };
		4FD864E7242BE2E2009D7CC8 /* LaunchScreen.storyboard in Resources */ = {isa = PBXBuildFile; fileRef = 4FD864E5242BE2E2009D7CC8 /* LaunchScreen.storyboard */; };
/* End PBXBuildFile section */

/* Begin PBXFileReference section */
		4F1965A7242C3C8E007B9B9D /* MenuView.swift */ = {isa = PBXFileReference; lastKnownFileType = sourcecode.swift; path = MenuView.swift; sourceTree = "<group>"; };
		4F233DB42430199300F03DE9 /* UpdateList.swift */ = {isa = PBXFileReference; lastKnownFileType = sourcecode.swift; path = UpdateList.swift; sourceTree = "<group>"; };
		4F233DB624302CA900F03DE9 /* TabBar.swift */ = {isa = PBXFileReference; lastKnownFileType = sourcecode.swift; path = TabBar.swift; sourceTree = "<group>"; };
		4F233DB82430398900F03DE9 /* RingView.swift */ = {isa = PBXFileReference; lastKnownFileType = sourcecode.swift; path = RingView.swift; sourceTree = "<group>"; };
		4F233DBC24312F2300F03DE9 /* Modifier.swift */ = {isa = PBXFileReference; lastKnownFileType = sourcecode.swift; path = Modifier.swift; sourceTree = "<group>"; };
		4F65B119242D77E70007B9B0 /* Home.swift */ = {isa = PBXFileReference; lastKnownFileType = sourcecode.swift; path = Home.swift; sourceTree = "<group>"; };
		4F65B11B242D9AEC0007B9B0 /* HomeView.swift */ = {isa = PBXFileReference; lastKnownFileType = sourcecode.swift; path = HomeView.swift; sourceTree = "<group>"; };
		4FD864D7242BE2DB009D7CC8 /* Design_Practice.app */ = {isa = PBXFileReference; explicitFileType = wrapper.application; includeInIndex = 0; path = Design_Practice.app; sourceTree = BUILT_PRODUCTS_DIR; };
		4FD864DA242BE2DB009D7CC8 /* AppDelegate.swift */ = {isa = PBXFileReference; lastKnownFileType = sourcecode.swift; path = AppDelegate.swift; sourceTree = "<group>"; };
		4FD864DC242BE2DB009D7CC8 /* SceneDelegate.swift */ = {isa = PBXFileReference; lastKnownFileType = sourcecode.swift; path = SceneDelegate.swift; sourceTree = "<group>"; };
		4FD864DE242BE2DB009D7CC8 /* ContentView.swift */ = {isa = PBXFileReference; lastKnownFileType = sourcecode.swift; path = ContentView.swift; sourceTree = "<group>"; };
		4FD864E0242BE2E2009D7CC8 /* Assets.xcassets */ = {isa = PBXFileReference; lastKnownFileType = folder.assetcatalog; path = Assets.xcassets; sourceTree = "<group>"; };
		4FD864E3242BE2E2009D7CC8 /* Preview Assets.xcassets */ = {isa = PBXFileReference; lastKnownFileType = folder.assetcatalog; path = "Preview Assets.xcassets"; sourceTree = "<group>"; };
		4FD864E6242BE2E2009D7CC8 /* Base */ = {isa = PBXFileReference; lastKnownFileType = file.storyboard; name = Base; path = Base.lproj/LaunchScreen.storyboard; sourceTree = "<group>"; };
		4FD864E8242BE2E2009D7CC8 /* Info.plist */ = {isa = PBXFileReference; lastKnownFileType = text.plist.xml; path = Info.plist; sourceTree = "<group>"; };
/* End PBXFileReference section */

/* Begin PBXFrameworksBuildPhase section */
		4FD864D4242BE2DB009D7CC8 /* Frameworks */ = {
			isa = PBXFrameworksBuildPhase;
			buildActionMask = 2147483647;
			files = (
			);
			runOnlyForDeploymentPostprocessing = 0;
		};
/* End PBXFrameworksBuildPhase section */

/* Begin PBXGroup section */
		4FD864CE242BE2DB009D7CC8 = {
			isa = PBXGroup;
			children = (
				4FD864D9242BE2DB009D7CC8 /* Design_Practice */,
				4FD864D8242BE2DB009D7CC8 /* Products */,
			);
			sourceTree = "<group>";
		};
		4FD864D8242BE2DB009D7CC8 /* Products */ = {
			isa = PBXGroup;
			children = (
				4FD864D7242BE2DB009D7CC8 /* Design_Practice.app */,
			);
			name = Products;
			sourceTree = "<group>";
		};
		4FD864D9242BE2DB009D7CC8 /* Design_Practice */ = {
			isa = PBXGroup;
			children = (
				4FD864DA242BE2DB009D7CC8 /* AppDelegate.swift */,
				4FD864DC242BE2DB009D7CC8 /* SceneDelegate.swift */,
				4FD864DE242BE2DB009D7CC8 /* ContentView.swift */,
				4F1965A7242C3C8E007B9B9D /* MenuView.swift */,
				4F65B119242D77E70007B9B0 /* Home.swift */,
				4F233DB624302CA900F03DE9 /* TabBar.swift */,
				4F233DB42430199300F03DE9 /* UpdateList.swift */,
				4F65B11B242D9AEC0007B9B0 /* HomeView.swift */,
				4F233DBC24312F2300F03DE9 /* Modifier.swift */,
				4F233DB82430398900F03DE9 /* RingView.swift */,
				4FD864E0242BE2E2009D7CC8 /* Assets.xcassets */,
				4FD864E5242BE2E2009D7CC8 /* LaunchScreen.storyboard */,
				4FD864E8242BE2E2009D7CC8 /* Info.plist */,
				4FD864E2242BE2E2009D7CC8 /* Preview Content */,
			);
			path = Design_Practice;
			sourceTree = "<group>";
		};
		4FD864E2242BE2E2009D7CC8 /* Preview Content */ = {
			isa = PBXGroup;
			children = (
				4FD864E3242BE2E2009D7CC8 /* Preview Assets.xcassets */,
			);
			path = "Preview Content";
			sourceTree = "<group>";
		};
/* End PBXGroup section */

/* Begin PBXNativeTarget section */
		4FD864D6242BE2DB009D7CC8 /* Design_Practice */ = {
			isa = PBXNativeTarget;
			buildConfigurationList = 4FD864EB242BE2E2009D7CC8 /* Build configuration list for PBXNativeTarget "Design_Practice" */;
			buildPhases = (
				4FD864D3242BE2DB009D7CC8 /* Sources */,
				4FD864D4242BE2DB009D7CC8 /* Frameworks */,
				4FD864D5242BE2DB009D7CC8 /* Resources */,
			);
			buildRules = (
			);
			dependencies = (
			);
			name = Design_Practice;
			productName = Design_Practice;
			productReference = 4FD864D7242BE2DB009D7CC8 /* Design_Practice.app */;
			productType = "com.apple.product-type.application";
		};
/* End PBXNativeTarget section */

/* Begin PBXProject section */
		4FD864CF242BE2DB009D7CC8 /* Project object */ = {
			isa = PBXProject;
			attributes = {
				LastSwiftUpdateCheck = 1130;
				LastUpgradeCheck = 1130;
				ORGANIZATIONNAME = "Sirak Zeray";
				TargetAttributes = {
					4FD864D6242BE2DB009D7CC8 = {
						CreatedOnToolsVersion = 11.3.1;
					};
				};
			};
			buildConfigurationList = 4FD864D2242BE2DB009D7CC8 /* Build configuration list for PBXProject "Design_Practice" */;
			compatibilityVersion = "Xcode 9.3";
			developmentRegion = en;
			hasScannedForEncodings = 0;
			knownRegions = (
				en,
				Base,
			);
			mainGroup = 4FD864CE242BE2DB009D7CC8;
			productRefGroup = 4FD864D8242BE2DB009D7CC8 /* Products */;
			projectDirPath = "";
			projectRoot = "";
			targets = (
				4FD864D6242BE2DB009D7CC8 /* Design_Practice */,
			);
		};
/* End PBXProject section */

/* Begin PBXResourcesBuildPhase section */
		4FD864D5242BE2DB009D7CC8 /* Resources */ = {
			isa = PBXResourcesBuildPhase;
			buildActionMask = 2147483647;
			files = (
				4FD864E7242BE2E2009D7CC8 /* LaunchScreen.storyboard in Resources */,
				4FD864E4242BE2E2009D7CC8 /* Preview Assets.xcassets in Resources */,
				4FD864E1242BE2E2009D7CC8 /* Assets.xcassets in Resources */,
			);
			runOnlyForDeploymentPostprocessing = 0;
		};
/* End PBXResourcesBuildPhase section */

/* Begin PBXSourcesBuildPhase section */
		4FD864D3242BE2DB009D7CC8 /* Sources */ = {
			isa = PBXSourcesBuildPhase;
			buildActionMask = 2147483647;
			files = (
				4FD864DB242BE2DB009D7CC8 /* AppDelegate.swift in Sources */,
				4F233DB52430199300F03DE9 /* UpdateList.swift in Sources */,
				4F1965A8242C3C8E007B9B9D /* MenuView.swift in Sources */,
				4F233DB92430398900F03DE9 /* RingView.swift in Sources */,
				4F233DBD24312F2300F03DE9 /* Modifier.swift in Sources */,
				4F233DB724302CA900F03DE9 /* TabBar.swift in Sources */,
				4F65B11A242D77E70007B9B0 /* Home.swift in Sources */,
				4F65B11C242D9AEC0007B9B0 /* HomeView.swift in Sources */,
				4FD864DD242BE2DB009D7CC8 /* SceneDelegate.swift in Sources */,
				4FD864DF242BE2DB009D7CC8 /* ContentView.swift in Sources */,
			);
			runOnlyForDeploymentPostprocessing = 0;
		};
/* End PBXSourcesBuildPhase section */

/* Begin PBXVariantGroup section */
		4FD864E5242BE2E2009D7CC8 /* LaunchScreen.storyboard */ = {
			isa = PBXVariantGroup;
			children = (
				4FD864E6242BE2E2009D7CC8 /* Base */,
			);
			name = LaunchScreen.storyboard;
			sourceTree = "<group>";
		};
/* End PBXVariantGroup section */

/* Begin XCBuildConfiguration section */
		4FD864E9242BE2E2009D7CC8 /* Debug */ = {
			isa = XCBuildConfiguration;
			buildSettings = {
				ALWAYS_SEARCH_USER_PATHS = NO;
				CLANG_ANALYZER_NONNULL = YES;
				CLANG_ANALYZER_NUMBER_OBJECT_CONVERSION = YES_AGGRESSIVE;
				CLANG_CXX_LANGUAGE_STANDARD = "gnu++14";
				CLANG_CXX_LIBRARY = "libc++";
				CLANG_ENABLE_MODULES = YES;
				CLANG_ENABLE_OBJC_ARC = YES;
				CLANG_ENABLE_OBJC_WEAK = YES;
				CLANG_WARN_BLOCK_CAPTURE_AUTORELEASING = YES;
				CLANG_WARN_BOOL_CONVERSION = YES;
				CLANG_WARN_COMMA = YES;
				CLANG_WARN_CONSTANT_CONVERSION = YES;
				CLANG_WARN_DEPRECATED_OBJC_IMPLEMENTATIONS = YES;
				CLANG_WARN_DIRECT_OBJC_ISA_USAGE = YES_ERROR;
				CLANG_WARN_DOCUMENTATION_COMMENTS = YES;
				CLANG_WARN_EMPTY_BODY = YES;
				CLANG_WARN_ENUM_CONVERSION = YES;
				CLANG_WARN_INFINITE_RECURSION = YES;
				CLANG_WARN_INT_CONVERSION = YES;
				CLANG_WARN_NON_LITERAL_NULL_CONVERSION = YES;
				CLANG_WARN_OBJC_IMPLICIT_RETAIN_SELF = YES;
				CLANG_WARN_OBJC_LITERAL_CONVERSION = YES;
				CLANG_WARN_OBJC_ROOT_CLASS = YES_ERROR;
				CLANG_WARN_RANGE_LOOP_ANALYSIS = YES;
				CLANG_WARN_STRICT_PROTOTYPES = YES;
				CLANG_WARN_SUSPICIOUS_MOVE = YES;
				CLANG_WARN_UNGUARDED_AVAILABILITY = YES_AGGRESSIVE;
				CLANG_WARN_UNREACHABLE_CODE = YES;
				CLANG_WARN__DUPLICATE_METHOD_MATCH = YES;
				COPY_PHASE_STRIP = NO;
				DEBUG_INFORMATION_FORMAT = dwarf;
				ENABLE_STRICT_OBJC_MSGSEND = YES;
				ENABLE_TESTABILITY = YES;
				GCC_C_LANGUAGE_STANDARD = gnu11;
				GCC_DYNAMIC_NO_PIC = NO;
				GCC_NO_COMMON_BLOCKS = YES;
				GCC_OPTIMIZATION_LEVEL = 0;
				GCC_PREPROCESSOR_DEFINITIONS = (
					"DEBUG=1",
					"$(inherited)",
				);
				GCC_WARN_64_TO_32_BIT_CONVERSION = YES;
				GCC_WARN_ABOUT_RETURN_TYPE = YES_ERROR;
				GCC_WARN_UNDECLARED_SELECTOR = YES;
				GCC_WARN_UNINITIALIZED_AUTOS = YES_AGGRESSIVE;
				GCC_WARN_UNUSED_FUNCTION = YES;
				GCC_WARN_UNUSED_VARIABLE = YES;
				IPHONEOS_DEPLOYMENT_TARGET = 13.2;
				MTL_ENABLE_DEBUG_INFO = INCLUDE_SOURCE;
				MTL_FAST_MATH = YES;
				ONLY_ACTIVE_ARCH = YES;
				SDKROOT = iphoneos;
				SWIFT_ACTIVE_COMPILATION_CONDITIONS = DEBUG;
				SWIFT_OPTIMIZATION_LEVEL = "-Onone";
			};
			name = Debug;
		};
		4FD864EA242BE2E2009D7CC8 /* Release */ = {
			isa = XCBuildConfiguration;
			buildSettings = {
				ALWAYS_SEARCH_USER_PATHS = NO;
				CLANG_ANALYZER_NONNULL = YES;
				CLANG_ANALYZER_NUMBER_OBJECT_CONVERSION = YES_AGGRESSIVE;
				CLANG_CXX_LANGUAGE_STANDARD = "gnu++14";
				CLANG_CXX_LIBRARY = "libc++";
				CLANG_ENABLE_MODULES = YES;
				CLANG_ENABLE_OBJC_ARC = YES;
				CLANG_ENABLE_OBJC_WEAK = YES;
				CLANG_WARN_BLOCK_CAPTURE_AUTORELEASING = YES;
				CLANG_WARN_BOOL_CONVERSION = YES;
				CLANG_WARN_COMMA = YES;
				CLANG_WARN_CONSTANT_CONVERSION = YES;
				CLANG_WARN_DEPRECATED_OBJC_IMPLEMENTATIONS = YES;
				CLANG_WARN_DIRECT_OBJC_ISA_USAGE = YES_ERROR;
				CLANG_WARN_DOCUMENTATION_COMMENTS = YES;
				CLANG_WARN_EMPTY_BODY = YES;
				CLANG_WARN_ENUM_CONVERSION = YES;
				CLANG_WARN_INFINITE_RECURSION = YES;
				CLANG_WARN_INT_CONVERSION = YES;
				CLANG_WARN_NON_LITERAL_NULL_CONVERSION = YES;
				CLANG_WARN_OBJC_IMPLICIT_RETAIN_SELF = YES;
				CLANG_WARN_OBJC_LITERAL_CONVERSION = YES;
				CLANG_WARN_OBJC_ROOT_CLASS = YES_ERROR;
				CLANG_WARN_RANGE_LOOP_ANALYSIS = YES;
				CLANG_WARN_STRICT_PROTOTYPES = YES;
				CLANG_WARN_SUSPICIOUS_MOVE = YES;
				CLANG_WARN_UNGUARDED_AVAILABILITY = YES_AGGRESSIVE;
				CLANG_WARN_UNREACHABLE_CODE = YES;
				CLANG_WARN__DUPLICATE_METHOD_MATCH = YES;
				COPY_PHASE_STRIP = NO;
				DEBUG_INFORMATION_FORMAT = "dwarf-with-dsym";
				ENABLE_NS_ASSERTIONS = NO;
				ENABLE_STRICT_OBJC_MSGSEND = YES;
				GCC_C_LANGUAGE_STANDARD = gnu11;
				GCC_NO_COMMON_BLOCKS = YES;
				GCC_WARN_64_TO_32_BIT_CONVERSION = YES;
				GCC_WARN_ABOUT_RETURN_TYPE = YES_ERROR;
				GCC_WARN_UNDECLARED_SELECTOR = YES;
				GCC_WARN_UNINITIALIZED_AUTOS = YES_AGGRESSIVE;
				GCC_WARN_UNUSED_FUNCTION = YES;
				GCC_WARN_UNUSED_VARIABLE = YES;
				IPHONEOS_DEPLOYMENT_TARGET = 13.2;
				MTL_ENABLE_DEBUG_INFO = NO;
				MTL_FAST_MATH = YES;
				SDKROOT = iphoneos;
				SWIFT_COMPILATION_MODE = wholemodule;
				SWIFT_OPTIMIZATION_LEVEL = "-O";
				VALIDATE_PRODUCT = YES;
			};
			name = Release;
		};
		4FD864EC242BE2E2009D7CC8 /* Debug */ = {
			isa = XCBuildConfiguration;
			buildSettings = {
				ASSETCATALOG_COMPILER_APPICON_NAME = AppIcon;
				CODE_SIGN_STYLE = Automatic;
				DEVELOPMENT_ASSET_PATHS = "\"Design_Practice/Preview Content\"";
				ENABLE_PREVIEWS = YES;
				INFOPLIST_FILE = Design_Practice/Info.plist;
				LD_RUNPATH_SEARCH_PATHS = (
					"$(inherited)",
					"@executable_path/Frameworks",
				);
				PRODUCT_BUNDLE_IDENTIFIER = "sirakzeray.Design-Practice";
				PRODUCT_NAME = "$(TARGET_NAME)";
				SWIFT_VERSION = 5.0;
				TARGETED_DEVICE_FAMILY = "1,2";
			};
			name = Debug;
		};
		4FD864ED242BE2E2009D7CC8 /* Release */ = {
			isa = XCBuildConfiguration;
			buildSettings = {
				ASSETCATALOG_COMPILER_APPICON_NAME = AppIcon;
				CODE_SIGN_STYLE = Automatic;
				DEVELOPMENT_ASSET_PATHS = "\"Design_Practice/Preview Content\"";
				ENABLE_PREVIEWS = YES;
				INFOPLIST_FILE = Design_Practice/Info.plist;
				LD_RUNPATH_SEARCH_PATHS = (
					"$(inherited)",
					"@executable_path/Frameworks",
				);
				PRODUCT_BUNDLE_IDENTIFIER = "sirakzeray.Design-Practice";
				PRODUCT_NAME = "$(TARGET_NAME)";
				SWIFT_VERSION = 5.0;
				TARGETED_DEVICE_FAMILY = "1,2";
			};
			name = Release;
		};
/* End XCBuildConfiguration section */

/* Begin XCConfigurationList section */
		4FD864D2242BE2DB009D7CC8 /* Build configuration list for PBXProject "Design_Practice" */ = {
			isa = XCConfigurationList;
			buildConfigurations = (
				4FD864E9242BE2E2009D7CC8 /* Debug */,
				4FD864EA242BE2E2009D7CC8 /* Release */,
			);
			defaultConfigurationIsVisible = 0;
			defaultConfigurationName = Release;
		};
		4FD864EB242BE2E2009D7CC8 /* Build configuration list for PBXNativeTarget "Design_Practice" */ = {
			isa = XCConfigurationList;
			buildConfigurations = (
				4FD864EC242BE2E2009D7CC8 /* Debug */,
				4FD864ED242BE2E2009D7CC8 /* Release */,
			);
			defaultConfigurationIsVisible = 0;
			defaultConfigurationName = Release;
		};
/* End XCConfigurationList section */
	};
	rootObject = 4FD864CF242BE2DB009D7CC8 /* Project object */;
}
